github.com/charliego93/argsx v1.0.3 h1:llc42vvJzEaAqRn6Yp3Op7kxdadxN0LvzdA3rN7zd30=
github.com/charliego93/argsx v1.0.3/go.mod h1:GWWdQ7SU5Ps90fBe0jr+/0WJfETKw9tyQUSE9ockhY8=
github.com/davecgh/go-spew v1.1.1 h1:vj9j/u1bqnvCEfJOwUhtlOARqs3+rkHYY13jYWTU97c=
github.com/goccy/go-json v0.10.2 h1:CrxCmQqYDkv1z7lO7Wbh2HN93uovUHgrECaO5ZrCXAU=
github.com/goccy/go-json v0.10.2/go.mod h1:6MelG93GURQebXPDq3khkgXZkazVtN9CRI+MGFi0w8I=
github.com/gookit/color v1.5.3 h1:twfIhZs4QLCtimkP7MOxlF3A0U/5cDPseRT9M/+2SCE=
github.com/gookit/goutil v0.6.8 h1:B2XXSCGav5TXWtKRT9i/s/owOLXXB7sY6UsfqeSLroE=
github.com/gookit/goutil v0.6.8/go.mod h1:u+Isykc6RQcZ4GQzulsaGm+Famd97U5Tzp3aQyo+jyA=
github.com/pmezard/go-difflib v1.0.0 h1:4DBwDE0NGyQoBHbLQYPwSUPoCMWR5BEzIk/f1lZbAQM=
github.com/stretchr/testify v1.8.2 h1:+h33VjcLVPDHtOdpUCuF+7gSuG3yGIftsP1YvFihtJ8=
github.com/xo/terminfo v0.0.0-20220910002029-abceb7e1c41e h1:JVG44RsyaB9T2KIHavMF/ppJZNG9ZpyihvCd0w101no=
golang.org/x/sys v0.7.0 h1:3jlCCIQZPdOYu1h8BkNvLz8Kgwtae2cagcG/VamtZRU=
golang.org/x/sys v0.7.0/go.mod h1:oPkhp1MJrh7nUepCBck5+mAzfO9JrbApNNgaTdGDITg=
golang.org/x/text v0.9.0 h1:2sjJmO8cDvYveuX97RDLsxlyUxLl+GHoLxBiRdHllBE=
golang.org/x/text v0.9.0/go.mod h1:e1OnstbJyHTd6l/uOt8jFFHp6TRDWZR/bV3emEE/zU8=
gopkg.in/yaml.v3 v3.0.1 h1:fxVm/GzAzEWqLHuvctI91KS9hhNmmWOoWu0XTYJS7CA=
